# This file is automatically @generated by Poetry 1.8.3 and should not be changed by hand.

[[package]]
name = "click"
version = "6.7"
description = "A simple wrapper around optparse for powerful command line utilities."
optional = false
python-versions = "*"
files = [
    {file = "click-6.7-py2.py3-none-any.whl", hash = "sha256:29f99fc6125fbc931b758dc053b3114e55c77a6e4c6c3a2674a2dc986016381d"},
    {file = "click-6.7.tar.gz", hash = "sha256:f15516df478d5a56180fbf80e68f206010e6d160fc39fa508b65e035fd75130b"},
]

[[package]]
name = "wheel"
version = "0.44.0"
description = "A built-package format for Python"
optional = false
python-versions = ">=3.8"
files = [
    {file = "wheel-0.44.0-py3-none-any.whl", hash = "sha256:2376a90c98cc337d18623527a97c31797bd02bad0033d41547043a1cbfbe448f"},
    {file = "wheel-0.44.0.tar.gz", hash = "sha256:a29c3f2817e95ab89aa4660681ad547c0e9547f20e75b0562fe7723c9a2a9d49"},
]

[package.extras]
test = ["pytest (>=6.0.0)", "setuptools (>=65)"]

[metadata]
lock-version = "2.0"
python-versions = "^3.12"
content-hash = "b493b9b2721f896848ca4109b29e0765872cb1f5b8f39d7271d4324a7e425ed5"
